
Microsoft Visual Studio Solution File, Format Version 12.00
# Visual Studio 2013
VisualStudioVersion = 12.0.31101.0
MinimumVisualStudioVersion = 10.0.40219.1
Project("{FAE04EC0-301F-11D3-BF4B-00C04F79EFBC}") = "VoiceroidTClient", "VoiceroidTClient\VoiceroidTClient.csproj", "{BF944CFB-ACE3-4D6A-B397-EBECBEE7CBCA}"
EndProject
Project("{FAE04EC0-301F-11D3-BF4B-00C04F79EFBC}") = "VoiceroidTServer", "VoiceroidTServer\VoiceroidTServer.csproj", "{B4198DE2-7458-401D-B847-2CDC48109C71}"
EndProject
Global
	GlobalSection(SolutionConfigurationPlatforms) = preSolution
		Debug|Any CPU = Debug|Any CPU
		Release|Any CPU = Release|Any CPU
	EndGlobalSection
	GlobalSection(ProjectConfigurationPlatforms) = postSolution
		{BF944CFB-ACE3-4D6A-B397-EBECBEE7CBCA}.Debug|Any CPU.ActiveCfg = Debug|Any CPU
		{BF944CFB-ACE3-4D6A-B397-EBECBEE7CBCA}.Debug|Any CPU.Build.0 = Debug|Any CPU
		{BF944CFB-ACE3-4D6A-B397-EBECBEE7CBCA}.Release|Any CPU.ActiveCfg = Release|Any CPU
		{BF944CFB-ACE3-4D6A-B397-EBECBEE7CBCA}.Release|Any CPU.Build.0 = Release|Any CPU
		{B4198DE2-7458-401D-B847-2CDC48109C71}.Debug|Any CPU.ActiveCfg = Debug|Any CPU
		{B4198DE2-7458-401D-B847-2CDC48109C71}.Debug|Any CPU.Build.0 = Debug|Any CPU
		{B4198DE2-7458-401D-B847-2CDC48109C71}.Release|Any CPU.ActiveCfg = Release|Any CPU
		{B4198DE2-7458-401D-B847-2CDC48109C71}.Release|Any CPU.Build.0 = Release|Any CPU
	EndGlobalSection
	GlobalSection(SolutionProperties) = preSolution
		HideSolutionNode = FALSE
	EndGlobalSection
EndGlobal
